{
  "name": "covid19",
  "version": "1.0.0",
  "lockfileVersion": 1,
  "requires": true,
  "dependencies": {
    "jquery": {
      "version": "3.5.1",
      "resolved": "https://registry.npmjs.org/jquery/-/jquery-3.5.1.tgz",
      "integrity": "sha512-XwIBPqcMn57FxfT+Go5pzySnm4KWkT1Tv7gjrpT1srtf8Weynl6R273VJ5GjkRb51IzMp5nbaPjJXMWeju2MKg=="
    },
    "jsgrid": {
      "version": "1.5.3",
      "resolved": "https://registry.npmjs.org/jsgrid/-/jsgrid-1.5.3.tgz",
      "integrity": "sha1-sV/EJkgxU77itrVnMS9nXZKDSg0="
    },
    "parsleyjs": {
      "version": "2.9.2",
      "resolved": "https://registry.npmjs.org/parsleyjs/-/parsleyjs-2.9.2.tgz",
      "integrity": "sha512-DKS2XXTjEUZ1BJWUzgXAr+550kFBZrom2WYweubqdV7WzdNC1hjOajZDfeBPoAZMkXumJPlB3v37IKatbiW8zQ==",
      "requires": {
        "jquery": ">=1.8.0"
      }
    },
    "smartwizard": {
      "version": "5.1.1",
      "resolved": "https://registry.npmjs.org/smartwizard/-/smartwizard-5.1.1.tgz",
      "integrity": "sha512-AFeP/zDXOEE4/AsHTsWIHQC/HyJlavOus7EtCs2nwsh1MkRDNtRFFadOLXCw7BlgT9xExQwmSIqxZdXKHuyFrw=="
    }
  }
}
